
Microsoft Visual Studio Solution File, Format Version 12.00
# Visual Studio Version 16
VisualStudioVersion = 16.0.29025.244
MinimumVisualStudioVersion = 10.0.40219.1
Project("{9A19103F-16F7-4668-BE54-9A1E7A4F7556}") = "ZNxt.Net.Core.Web", "ZNxt.Net.Core.Web\ZNxt.Net.Core.Web.csproj", "{66F771A7-DD06-43D8-B405-5565D2976C11}"
EndProject
Project("{9A19103F-16F7-4668-BE54-9A1E7A4F7556}") = "ZNxt.Net.Core.Web.Sample", "ZNxt.Net.Core.Web.Sample\ZNxt.Net.Core.Web.Sample.csproj", "{95418377-09FB-4735-8BEF-0BDC6EEF44BB}"
EndProject
Project("{9A19103F-16F7-4668-BE54-9A1E7A4F7556}") = "ZNxt.Net.Core.DB.Mongo", "ZNxt.Net.Core.DB.Mongo\ZNxt.Net.Core.DB.Mongo.csproj", "{4E046C8C-E6BC-482D-9107-38506B2B5B0A}"
EndProject
Project("{2150E333-8FDC-42A3-9474-1A3956D46DE8}") = "Tests", "Tests", "{4DD2FD32-7A35-4F98-B58E-FFE6EBBC9B49}"
EndProject
Project("{9A19103F-16F7-4668-BE54-9A1E7A4F7556}") = "ZNxt.Net.Core.DB.AmazonDynamoDB", "ZNxt.Net.Core.DB.AmazonDynamoDB\ZNxt.Net.Core.DB.AmazonDynamoDB.csproj", "{B837C549-EF69-4CEB-A160-CDF772DC1FFE}"
EndProject
Project("{9A19103F-16F7-4668-BE54-9A1E7A4F7556}") = "ZNxt.Net.Core.DB.AmazonS3", "ZNxt.Net.Core.DB.AmazonS3\ZNxt.Net.Core.DB.AmazonS3.csproj", "{D54B78F6-FF16-48FA-8F4F-D5C46D1C846D}"
EndProject
Project("{9A19103F-16F7-4668-BE54-9A1E7A4F7556}") = "ZNxt.Net.Core.Web.ContentHandler", "ZNxt.Net.Core.Web.ContentHandler\ZNxt.Net.Core.Web.ContentHandler.csproj", "{7FBC8EAE-5DF2-440F-90F7-FBE8E24F437B}"
EndProject
Project("{E53339B2-1760-4266-BCC7-CA923CBCF16C}") = "docker-compose", "docker-compose.dcproj", "{A78D47BF-574B-4E5B-A323-7EE70F6AAA67}"
EndProject
Project("{2150E333-8FDC-42A3-9474-1A3956D46DE8}") = "Modules", "Modules", "{F22C0707-89F1-450D-92A1-34AA0373508E}"
EndProject
Project("{9A19103F-16F7-4668-BE54-9A1E7A4F7556}") = "ZNxt.Net.Core.Module.Base", "ZNxt.Net.Core.Module.Base\ZNxt.Net.Core.Module.Base.csproj", "{6CD87FAD-463F-4E78-AF4C-783E6CC8819D}"
EndProject
Project("{9A19103F-16F7-4668-BE54-9A1E7A4F7556}") = "ZNxt.Net.Core", "ZNxt.Net.Core\ZNxt.Net.Core.csproj", "{EFE9ABB1-B175-482A-8024-1193437C093B}"
EndProject
Project("{9A19103F-16F7-4668-BE54-9A1E7A4F7556}") = "ZNxt.Net.Core.Module.Gateway", "ZNxt.Net.Core.Module.Gateway\ZNxt.Net.Core.Module.Gateway.csproj", "{1E87EB6C-8E2C-44D9-B850-B5C82AA984C6}"
EndProject
Project("{9A19103F-16F7-4668-BE54-9A1E7A4F7556}") = "ZNxt.Net.Core.Module.Admin", "ZNxt.Net.Core.Module.Admin\ZNxt.Net.Core.Module.Admin.csproj", "{CF28EAD8-EEB5-41B8-8FD8-F9AC01CB5E77}"
EndProject
Project("{9A19103F-16F7-4668-BE54-9A1E7A4F7556}") = "ZNxt.Net.Core.Module.Notifier", "ZNxt.Net.Core.Module.Notifier\ZNxt.Net.Core.Module.Notifier.csproj", "{CF7B8A11-4575-4586-8F33-F815AB96B239}"
EndProject
Project("{9A19103F-16F7-4668-BE54-9A1E7A4F7556}") = "StaticContentTest", "StaticContentTest\StaticContentTest.csproj", "{D1AC912C-9AD1-4F13-BA20-F26B9EDC16C7}"
EndProject
Project("{9A19103F-16F7-4668-BE54-9A1E7A4F7556}") = "ZNxt.Module.Identity", "ZNxt.Module.Identity\ZNxt.Module.Identity.csproj", "{5C8D2379-338E-4B90-8D5A-757B788732AF}"
EndProject
Project("{9A19103F-16F7-4668-BE54-9A1E7A4F7556}") = "ZNxt.Net.Core.Module.TemplateEngine", "ZNxt.Net.Core.Module.TemplateEngine\ZNxt.Net.Core.Module.TemplateEngine.csproj", "{01098333-416D-432F-8302-8F4C53EB9EB6}"
EndProject
Project("{9A19103F-16F7-4668-BE54-9A1E7A4F7556}") = "ZNxt.Net.Core.DB.Mongo.Test", "ZNxt.Net.Core.DB.Mongo.Test\ZNxt.Net.Core.DB.Mongo.Test.csproj", "{B5404A23-9BB4-405C-A033-16C7C3FB3599}"
EndProject
Project("{9A19103F-16F7-4668-BE54-9A1E7A4F7556}") = "ZNxt.Module.Scheduler", "ZNxt.Module.Scheduler\ZNxt.Module.Scheduler.csproj", "{029009C3-597C-4D4A-A8D9-0E2B8497A122}"
EndProject
Project("{9A19103F-16F7-4668-BE54-9A1E7A4F7556}") = "ZNxt.Net.Core.DB.MySql", "ZNxt.Net.Core.DB.MySql\ZNxt.Net.Core.DB.MySql.csproj", "{89D5EC30-E049-4252-85B3-1E40F4BA8406}"
EndProject
Project("{9A19103F-16F7-4668-BE54-9A1E7A4F7556}") = "ZNxt.Net.Core.DB.MySqlTest", "ZNxt.Net.Core.DB.MySqlTest\ZNxt.Net.Core.DB.MySqlTest.csproj", "{3F52F1F2-CCEE-4752-A932-84CA0B897782}"
EndProject
Project("{9A19103F-16F7-4668-BE54-9A1E7A4F7556}") = "ZNxt.Net.Core.Web.Test", "..\ZNxt.Net.Core.Web.Test\ZNxt.Net.Core.Web.Test.csproj", "{7C0740FA-965C-413E-8762-02CCE1C60D38}"
EndProject
Project("{9A19103F-16F7-4668-BE54-9A1E7A4F7556}") = "ZNxt.Module.Identity.MySql", "ZNxt.Module.Identity.MySql\ZNxt.Module.Identity.MySql.csproj", "{8AEEF74B-2506-4539-BB5F-48BAAE3B8DC3}"
EndProject
Global
	GlobalSection(SolutionConfigurationPlatforms) = preSolution
		Debug|Any CPU = Debug|Any CPU
		Release|Any CPU = Release|Any CPU
	EndGlobalSection
	GlobalSection(ProjectConfigurationPlatforms) = postSolution
		{66F771A7-DD06-43D8-B405-5565D2976C11}.Debug|Any CPU.ActiveCfg = Debug|Any CPU
		{66F771A7-DD06-43D8-B405-5565D2976C11}.Debug|Any CPU.Build.0 = Debug|Any CPU
		{66F771A7-DD06-43D8-B405-5565D2976C11}.Release|Any CPU.ActiveCfg = Release|Any CPU
		{66F771A7-DD06-43D8-B405-5565D2976C11}.Release|Any CPU.Build.0 = Release|Any CPU
		{95418377-09FB-4735-8BEF-0BDC6EEF44BB}.Debug|Any CPU.ActiveCfg = Debug|Any CPU
		{95418377-09FB-4735-8BEF-0BDC6EEF44BB}.Debug|Any CPU.Build.0 = Debug|Any CPU
		{95418377-09FB-4735-8BEF-0BDC6EEF44BB}.Release|Any CPU.ActiveCfg = Release|Any CPU
		{95418377-09FB-4735-8BEF-0BDC6EEF44BB}.Release|Any CPU.Build.0 = Release|Any CPU
		{4E046C8C-E6BC-482D-9107-38506B2B5B0A}.Debug|Any CPU.ActiveCfg = Debug|Any CPU
		{4E046C8C-E6BC-482D-9107-38506B2B5B0A}.Debug|Any CPU.Build.0 = Debug|Any CPU
		{4E046C8C-E6BC-482D-9107-38506B2B5B0A}.Release|Any CPU.ActiveCfg = Release|Any CPU
		{4E046C8C-E6BC-482D-9107-38506B2B5B0A}.Release|Any CPU.Build.0 = Release|Any CPU
		{B837C549-EF69-4CEB-A160-CDF772DC1FFE}.Debug|Any CPU.ActiveCfg = Debug|Any CPU
		{B837C549-EF69-4CEB-A160-CDF772DC1FFE}.Debug|Any CPU.Build.0 = Debug|Any CPU
		{B837C549-EF69-4CEB-A160-CDF772DC1FFE}.Release|Any CPU.ActiveCfg = Release|Any CPU
		{B837C549-EF69-4CEB-A160-CDF772DC1FFE}.Release|Any CPU.Build.0 = Release|Any CPU
		{D54B78F6-FF16-48FA-8F4F-D5C46D1C846D}.Debug|Any CPU.ActiveCfg = Debug|Any CPU
		{D54B78F6-FF16-48FA-8F4F-D5C46D1C846D}.Debug|Any CPU.Build.0 = Debug|Any CPU
		{D54B78F6-FF16-48FA-8F4F-D5C46D1C846D}.Release|Any CPU.ActiveCfg = Release|Any CPU
		{D54B78F6-FF16-48FA-8F4F-D5C46D1C846D}.Release|Any CPU.Build.0 = Release|Any CPU
		{7FBC8EAE-5DF2-440F-90F7-FBE8E24F437B}.Debug|Any CPU.ActiveCfg = Debug|Any CPU
		{7FBC8EAE-5DF2-440F-90F7-FBE8E24F437B}.Debug|Any CPU.Build.0 = Debug|Any CPU
		{7FBC8EAE-5DF2-440F-90F7-FBE8E24F437B}.Release|Any CPU.ActiveCfg = Release|Any CPU
		{7FBC8EAE-5DF2-440F-90F7-FBE8E24F437B}.Release|Any CPU.Build.0 = Release|Any CPU
		{A78D47BF-574B-4E5B-A323-7EE70F6AAA67}.Debug|Any CPU.ActiveCfg = Debug|Any CPU
		{A78D47BF-574B-4E5B-A323-7EE70F6AAA67}.Debug|Any CPU.Build.0 = Debug|Any CPU
		{A78D47BF-574B-4E5B-A323-7EE70F6AAA67}.Release|Any CPU.ActiveCfg = Release|Any CPU
		{A78D47BF-574B-4E5B-A323-7EE70F6AAA67}.Release|Any CPU.Build.0 = Release|Any CPU
		{6CD87FAD-463F-4E78-AF4C-783E6CC8819D}.Debug|Any CPU.ActiveCfg = Debug|Any CPU
		{6CD87FAD-463F-4E78-AF4C-783E6CC8819D}.Debug|Any CPU.Build.0 = Debug|Any CPU
		{6CD87FAD-463F-4E78-AF4C-783E6CC8819D}.Release|Any CPU.ActiveCfg = Release|Any CPU
		{6CD87FAD-463F-4E78-AF4C-783E6CC8819D}.Release|Any CPU.Build.0 = Release|Any CPU
		{EFE9ABB1-B175-482A-8024-1193437C093B}.Debug|Any CPU.ActiveCfg = Debug|Any CPU
		{EFE9ABB1-B175-482A-8024-1193437C093B}.Debug|Any CPU.Build.0 = Debug|Any CPU
		{EFE9ABB1-B175-482A-8024-1193437C093B}.Release|Any CPU.ActiveCfg = Release|Any CPU
		{EFE9ABB1-B175-482A-8024-1193437C093B}.Release|Any CPU.Build.0 = Release|Any CPU
		{1E87EB6C-8E2C-44D9-B850-B5C82AA984C6}.Debug|Any CPU.ActiveCfg = Debug|Any CPU
		{1E87EB6C-8E2C-44D9-B850-B5C82AA984C6}.Debug|Any CPU.Build.0 = Debug|Any CPU
		{1E87EB6C-8E2C-44D9-B850-B5C82AA984C6}.Release|Any CPU.ActiveCfg = Release|Any CPU
		{1E87EB6C-8E2C-44D9-B850-B5C82AA984C6}.Release|Any CPU.Build.0 = Release|Any CPU
		{CF28EAD8-EEB5-41B8-8FD8-F9AC01CB5E77}.Debug|Any CPU.ActiveCfg = Debug|Any CPU
		{CF28EAD8-EEB5-41B8-8FD8-F9AC01CB5E77}.Debug|Any CPU.Build.0 = Debug|Any CPU
		{CF28EAD8-EEB5-41B8-8FD8-F9AC01CB5E77}.Release|Any CPU.ActiveCfg = Release|Any CPU
		{CF28EAD8-EEB5-41B8-8FD8-F9AC01CB5E77}.Release|Any CPU.Build.0 = Release|Any CPU
		{CF7B8A11-4575-4586-8F33-F815AB96B239}.Debug|Any CPU.ActiveCfg = Debug|Any CPU
		{CF7B8A11-4575-4586-8F33-F815AB96B239}.Debug|Any CPU.Build.0 = Debug|Any CPU
		{CF7B8A11-4575-4586-8F33-F815AB96B239}.Release|Any CPU.ActiveCfg = Release|Any CPU
		{CF7B8A11-4575-4586-8F33-F815AB96B239}.Release|Any CPU.Build.0 = Release|Any CPU
		{D1AC912C-9AD1-4F13-BA20-F26B9EDC16C7}.Debug|Any CPU.ActiveCfg = Debug|Any CPU
		{D1AC912C-9AD1-4F13-BA20-F26B9EDC16C7}.Debug|Any CPU.Build.0 = Debug|Any CPU
		{D1AC912C-9AD1-4F13-BA20-F26B9EDC16C7}.Release|Any CPU.ActiveCfg = Release|Any CPU
		{D1AC912C-9AD1-4F13-BA20-F26B9EDC16C7}.Release|Any CPU.Build.0 = Release|Any CPU
		{5C8D2379-338E-4B90-8D5A-757B788732AF}.Debug|Any CPU.ActiveCfg = Debug|Any CPU
		{5C8D2379-338E-4B90-8D5A-757B788732AF}.Debug|Any CPU.Build.0 = Debug|Any CPU
		{5C8D2379-338E-4B90-8D5A-757B788732AF}.Release|Any CPU.ActiveCfg = Release|Any CPU
		{5C8D2379-338E-4B90-8D5A-757B788732AF}.Release|Any CPU.Build.0 = Release|Any CPU
		{01098333-416D-432F-8302-8F4C53EB9EB6}.Debug|Any CPU.ActiveCfg = Debug|Any CPU
		{01098333-416D-432F-8302-8F4C53EB9EB6}.Debug|Any CPU.Build.0 = Debug|Any CPU
		{01098333-416D-432F-8302-8F4C53EB9EB6}.Release|Any CPU.ActiveCfg = Release|Any CPU
		{01098333-416D-432F-8302-8F4C53EB9EB6}.Release|Any CPU.Build.0 = Release|Any CPU
		{B5404A23-9BB4-405C-A033-16C7C3FB3599}.Debug|Any CPU.ActiveCfg = Debug|Any CPU
		{B5404A23-9BB4-405C-A033-16C7C3FB3599}.Debug|Any CPU.Build.0 = Debug|Any CPU
		{B5404A23-9BB4-405C-A033-16C7C3FB3599}.Release|Any CPU.ActiveCfg = Release|Any CPU
		{B5404A23-9BB4-405C-A033-16C7C3FB3599}.Release|Any CPU.Build.0 = Release|Any CPU
		{029009C3-597C-4D4A-A8D9-0E2B8497A122}.Debug|Any CPU.ActiveCfg = Debug|Any CPU
		{029009C3-597C-4D4A-A8D9-0E2B8497A122}.Debug|Any CPU.Build.0 = Debug|Any CPU
		{029009C3-597C-4D4A-A8D9-0E2B8497A122}.Release|Any CPU.ActiveCfg = Release|Any CPU
		{029009C3-597C-4D4A-A8D9-0E2B8497A122}.Release|Any CPU.Build.0 = Release|Any CPU
		{89D5EC30-E049-4252-85B3-1E40F4BA8406}.Debug|Any CPU.ActiveCfg = Debug|Any CPU
		{89D5EC30-E049-4252-85B3-1E40F4BA8406}.Debug|Any CPU.Build.0 = Debug|Any CPU
		{89D5EC30-E049-4252-85B3-1E40F4BA8406}.Release|Any CPU.ActiveCfg = Release|Any CPU
		{89D5EC30-E049-4252-85B3-1E40F4BA8406}.Release|Any CPU.Build.0 = Release|Any CPU
		{3F52F1F2-CCEE-4752-A932-84CA0B897782}.Debug|Any CPU.ActiveCfg = Debug|Any CPU
		{3F52F1F2-CCEE-4752-A932-84CA0B897782}.Debug|Any CPU.Build.0 = Debug|Any CPU
		{3F52F1F2-CCEE-4752-A932-84CA0B897782}.Release|Any CPU.ActiveCfg = Release|Any CPU
		{3F52F1F2-CCEE-4752-A932-84CA0B897782}.Release|Any CPU.Build.0 = Release|Any CPU
		{7C0740FA-965C-413E-8762-02CCE1C60D38}.Debug|Any CPU.ActiveCfg = Debug|Any CPU
		{7C0740FA-965C-413E-8762-02CCE1C60D38}.Debug|Any CPU.Build.0 = Debug|Any CPU
		{7C0740FA-965C-413E-8762-02CCE1C60D38}.Release|Any CPU.ActiveCfg = Release|Any CPU
		{7C0740FA-965C-413E-8762-02CCE1C60D38}.Release|Any CPU.Build.0 = Release|Any CPU
		{8AEEF74B-2506-4539-BB5F-48BAAE3B8DC3}.Debug|Any CPU.ActiveCfg = Debug|Any CPU
		{8AEEF74B-2506-4539-BB5F-48BAAE3B8DC3}.Debug|Any CPU.Build.0 = Debug|Any CPU
		{8AEEF74B-2506-4539-BB5F-48BAAE3B8DC3}.Release|Any CPU.ActiveCfg = Release|Any CPU
		{8AEEF74B-2506-4539-BB5F-48BAAE3B8DC3}.Release|Any CPU.Build.0 = Release|Any CPU
	EndGlobalSection
	GlobalSection(SolutionProperties) = preSolution
		HideSolutionNode = FALSE
	EndGlobalSection
	GlobalSection(NestedProjects) = preSolution
		{6CD87FAD-463F-4E78-AF4C-783E6CC8819D} = {F22C0707-89F1-450D-92A1-34AA0373508E}
		{1E87EB6C-8E2C-44D9-B850-B5C82AA984C6} = {F22C0707-89F1-450D-92A1-34AA0373508E}
		{CF28EAD8-EEB5-41B8-8FD8-F9AC01CB5E77} = {F22C0707-89F1-450D-92A1-34AA0373508E}
		{CF7B8A11-4575-4586-8F33-F815AB96B239} = {F22C0707-89F1-450D-92A1-34AA0373508E}
		{D1AC912C-9AD1-4F13-BA20-F26B9EDC16C7} = {4DD2FD32-7A35-4F98-B58E-FFE6EBBC9B49}
		{5C8D2379-338E-4B90-8D5A-757B788732AF} = {F22C0707-89F1-450D-92A1-34AA0373508E}
		{01098333-416D-432F-8302-8F4C53EB9EB6} = {F22C0707-89F1-450D-92A1-34AA0373508E}
		{B5404A23-9BB4-405C-A033-16C7C3FB3599} = {4DD2FD32-7A35-4F98-B58E-FFE6EBBC9B49}
		{029009C3-597C-4D4A-A8D9-0E2B8497A122} = {F22C0707-89F1-450D-92A1-34AA0373508E}
		{3F52F1F2-CCEE-4752-A932-84CA0B897782} = {4DD2FD32-7A35-4F98-B58E-FFE6EBBC9B49}
		{7C0740FA-965C-413E-8762-02CCE1C60D38} = {4DD2FD32-7A35-4F98-B58E-FFE6EBBC9B49}
		{8AEEF74B-2506-4539-BB5F-48BAAE3B8DC3} = {F22C0707-89F1-450D-92A1-34AA0373508E}
	EndGlobalSection
	GlobalSection(ExtensibilityGlobals) = postSolution
		SolutionGuid = {8EE125D3-A749-4F04-9D6C-9B9632AE1D4C}
	EndGlobalSection
EndGlobal
