
Microsoft Visual Studio Solution File, Format Version 12.00
# Visual Studio Version 16
VisualStudioVersion = 16.0.29102.190
MinimumVisualStudioVersion = 10.0.40219.1
Project("{9A19103F-16F7-4668-BE54-9A1E7A4F7556}") = "ZNxt.Identity", "ZNxt.Identity.csproj", "{7F3D7365-0A17-4E67-900C-30DE952067C1}"
EndProject
Global
	GlobalSection(SolutionConfigurationPlatforms) = preSolution
		Debug|Any CPU = Debug|Any CPU
		Release|Any CPU = Release|Any CPU
	EndGlobalSection
	GlobalSection(ProjectConfigurationPlatforms) = postSolution
		{7F3D7365-0A17-4E67-900C-30DE952067C1}.Debug|Any CPU.ActiveCfg = Debug|Any CPU
		{7F3D7365-0A17-4E67-900C-30DE952067C1}.Debug|Any CPU.Build.0 = Debug|Any CPU
		{7F3D7365-0A17-4E67-900C-30DE952067C1}.Release|Any CPU.ActiveCfg = Release|Any CPU
		{7F3D7365-0A17-4E67-900C-30DE952067C1}.Release|Any CPU.Build.0 = Release|Any CPU
	EndGlobalSection
	GlobalSection(SolutionProperties) = preSolution
		HideSolutionNode = FALSE
	EndGlobalSection
	GlobalSection(ExtensibilityGlobals) = postSolution
		SolutionGuid = {35E14BA2-DD93-40CE-B6E1-562128794000}
	EndGlobalSection
EndGlobal
