
Microsoft Visual Studio Solution File, Format Version 12.00
# Visual Studio Version 16
VisualStudioVersion = 16.0.29230.47
MinimumVisualStudioVersion = 10.0.40219.1
Project("{9A19103F-16F7-4668-BE54-9A1E7A4F7556}") = "ZNxt.Identity", "ZNxt.Identity\ZNxt.Identity.csproj", "{F75B4AEC-3D9E-4B4A-9169-D5C8641AFD81}"
EndProject
Project("{FAE04EC0-301F-11D3-BF4B-00C04F79EFBC}") = "ZNxt.Module.Identity", "ZNxt.Module.Identity\ZNxt.Module.Identity.csproj", "{9347155C-1F41-4C7B-96C0-BE27DEB0FB1F}"
EndProject
Global
	GlobalSection(SolutionConfigurationPlatforms) = preSolution
		Debug|Any CPU = Debug|Any CPU
		Release|Any CPU = Release|Any CPU
	EndGlobalSection
	GlobalSection(ProjectConfigurationPlatforms) = postSolution
		{F75B4AEC-3D9E-4B4A-9169-D5C8641AFD81}.Debug|Any CPU.ActiveCfg = Debug|Any CPU
		{F75B4AEC-3D9E-4B4A-9169-D5C8641AFD81}.Debug|Any CPU.Build.0 = Debug|Any CPU
		{F75B4AEC-3D9E-4B4A-9169-D5C8641AFD81}.Release|Any CPU.ActiveCfg = Release|Any CPU
		{F75B4AEC-3D9E-4B4A-9169-D5C8641AFD81}.Release|Any CPU.Build.0 = Release|Any CPU
		{9347155C-1F41-4C7B-96C0-BE27DEB0FB1F}.Debug|Any CPU.ActiveCfg = Debug|Any CPU
		{9347155C-1F41-4C7B-96C0-BE27DEB0FB1F}.Debug|Any CPU.Build.0 = Debug|Any CPU
		{9347155C-1F41-4C7B-96C0-BE27DEB0FB1F}.Release|Any CPU.ActiveCfg = Release|Any CPU
		{9347155C-1F41-4C7B-96C0-BE27DEB0FB1F}.Release|Any CPU.Build.0 = Release|Any CPU
	EndGlobalSection
	GlobalSection(SolutionProperties) = preSolution
		HideSolutionNode = FALSE
	EndGlobalSection
	GlobalSection(ExtensibilityGlobals) = postSolution
		SolutionGuid = {6011F5FF-FBAC-45FE-B285-040F4A1A9D14}
	EndGlobalSection
EndGlobal
